
Microsoft Visual Studio Solution File, Format Version 12.00
# Visual Studio 15
VisualStudioVersion = 15.0.28307.572
MinimumVisualStudioVersion = 10.0.40219.1
Project("{778DAE3C-4631-46EA-AA77-85C1314464D9}") = "Concatenacion", "concatenacion\Concatenacion.vbproj", "{E6EC7E97-5447-4FB1-96F1-9BEB2A8C6EB5}"
EndProject
Project("{778DAE3C-4631-46EA-AA77-85C1314464D9}") = "Aritmetica", "aritmetica\Aritmetica.vbproj", "{14E50AB2-F709-406B-AA10-40C7AC7FDB75}"
EndProject
Project("{778DAE3C-4631-46EA-AA77-85C1314464D9}") = "Ecuacion", "ecuacion\Ecuacion.vbproj", "{53D59CD5-4815-49E2-8458-85896FFF523E}"
EndProject
Project("{778DAE3C-4631-46EA-AA77-85C1314464D9}") = "Sumatoria_media", "uno_seis\Sumatoria_media.vbproj", "{8AB475DB-8E4B-4A2C-A954-B294415D9254}"
EndProject
Project("{778DAE3C-4631-46EA-AA77-85C1314464D9}") = "Semanas", "semanas\Semanas.vbproj", "{31A6B7CE-FE68-4735-BB7F-72BD280A33FE}"
EndProject
Project("{778DAE3C-4631-46EA-AA77-85C1314464D9}") = "Booleans", "booleans\Booleans.vbproj", "{068BF780-CAB3-4A3C-A4EE-530E002B4F9E}"
EndProject
Project("{778DAE3C-4631-46EA-AA77-85C1314464D9}") = "Variables_consola", "variables_consola\Variables_consola.vbproj", "{1DBBE8A8-343A-49FC-A054-360BCE45928E}"
EndProject
Project("{778DAE3C-4631-46EA-AA77-85C1314464D9}") = "Variables_tipos", "variables_tipos\Variables_tipos.vbproj", "{C7CF839C-B7B2-4C05-9471-A14FDE322B3C}"
EndProject
Project("{778DAE3C-4631-46EA-AA77-85C1314464D9}") = "Intereses", "Intereses\Intereses.vbproj", "{65205BEC-09E3-4ADD-B605-A4115165D197}"
EndProject
Project("{778DAE3C-4631-46EA-AA77-85C1314464D9}") = "Resto_division", "Resto_division\Resto_division.vbproj", "{94F917AA-6A07-472A-8BE1-1A69A0173AEE}"
EndProject
Project("{778DAE3C-4631-46EA-AA77-85C1314464D9}") = "Matematica1", "Matematica1\Matematica1.vbproj", "{386FF6E3-4B3C-4799-A213-C0622ACE65A3}"
EndProject
Project("{778DAE3C-4631-46EA-AA77-85C1314464D9}") = "Redondeo", "Redondeo\Redondeo.vbproj", "{795D685E-EFC1-46CE-809A-EC0D4DB81B8E}"
EndProject
Project("{778DAE3C-4631-46EA-AA77-85C1314464D9}") = "Mayor", "Mayor\Mayor.vbproj", "{A4F94E71-6F3C-4FD9-BBC8-F4994D581900}"
EndProject
Project("{778DAE3C-4631-46EA-AA77-85C1314464D9}") = "Reloj", "Reloj\Reloj.vbproj", "{AED9E369-FC29-469E-8957-38F57257AAD8}"
EndProject
Project("{778DAE3C-4631-46EA-AA77-85C1314464D9}") = "Ajustar_reloj", "Ajustar_reloj\Ajustar_reloj.vbproj", "{4F034955-38A6-4B22-9FC1-996D0242B5E3}"
EndProject
Project("{778DAE3C-4631-46EA-AA77-85C1314464D9}") = "Nueva_fecha", "Nueva_fecha\Nueva_fecha.vbproj", "{709BBD9B-2612-4440-88FB-48FC670216F4}"
EndProject
Project("{F184B08F-C81C-45F6-A57F-5ABD9991F28F}") = "Cadenas1", "Cadenas1\Cadenas1.vbproj", "{D7A5FA0C-53D1-4340-AAB6-AB0F32113153}"
EndProject
Project("{F184B08F-C81C-45F6-A57F-5ABD9991F28F}") = "Refrase", "Refrase\Refrase.vbproj", "{ADB32727-0C6F-45CB-9B7C-9FE614A481AF}"
EndProject
Project("{F184B08F-C81C-45F6-A57F-5ABD9991F28F}") = "Dias", "dias\Dias.vbproj", "{F307C55C-AE26-4BC2-B3D1-8D94875A6104}"
EndProject
Global
	GlobalSection(SolutionConfigurationPlatforms) = preSolution
		Debug|Any CPU = Debug|Any CPU
		Release|Any CPU = Release|Any CPU
	EndGlobalSection
	GlobalSection(ProjectConfigurationPlatforms) = postSolution
		{E6EC7E97-5447-4FB1-96F1-9BEB2A8C6EB5}.Debug|Any CPU.ActiveCfg = Debug|Any CPU
		{E6EC7E97-5447-4FB1-96F1-9BEB2A8C6EB5}.Debug|Any CPU.Build.0 = Debug|Any CPU
		{E6EC7E97-5447-4FB1-96F1-9BEB2A8C6EB5}.Release|Any CPU.ActiveCfg = Release|Any CPU
		{E6EC7E97-5447-4FB1-96F1-9BEB2A8C6EB5}.Release|Any CPU.Build.0 = Release|Any CPU
		{14E50AB2-F709-406B-AA10-40C7AC7FDB75}.Debug|Any CPU.ActiveCfg = Debug|Any CPU
		{14E50AB2-F709-406B-AA10-40C7AC7FDB75}.Debug|Any CPU.Build.0 = Debug|Any CPU
		{14E50AB2-F709-406B-AA10-40C7AC7FDB75}.Release|Any CPU.ActiveCfg = Release|Any CPU
		{14E50AB2-F709-406B-AA10-40C7AC7FDB75}.Release|Any CPU.Build.0 = Release|Any CPU
		{53D59CD5-4815-49E2-8458-85896FFF523E}.Debug|Any CPU.ActiveCfg = Debug|Any CPU
		{53D59CD5-4815-49E2-8458-85896FFF523E}.Debug|Any CPU.Build.0 = Debug|Any CPU
		{53D59CD5-4815-49E2-8458-85896FFF523E}.Release|Any CPU.ActiveCfg = Release|Any CPU
		{53D59CD5-4815-49E2-8458-85896FFF523E}.Release|Any CPU.Build.0 = Release|Any CPU
		{8AB475DB-8E4B-4A2C-A954-B294415D9254}.Debug|Any CPU.ActiveCfg = Debug|Any CPU
		{8AB475DB-8E4B-4A2C-A954-B294415D9254}.Debug|Any CPU.Build.0 = Debug|Any CPU
		{8AB475DB-8E4B-4A2C-A954-B294415D9254}.Release|Any CPU.ActiveCfg = Release|Any CPU
		{8AB475DB-8E4B-4A2C-A954-B294415D9254}.Release|Any CPU.Build.0 = Release|Any CPU
		{31A6B7CE-FE68-4735-BB7F-72BD280A33FE}.Debug|Any CPU.ActiveCfg = Debug|Any CPU
		{31A6B7CE-FE68-4735-BB7F-72BD280A33FE}.Debug|Any CPU.Build.0 = Debug|Any CPU
		{31A6B7CE-FE68-4735-BB7F-72BD280A33FE}.Release|Any CPU.ActiveCfg = Release|Any CPU
		{31A6B7CE-FE68-4735-BB7F-72BD280A33FE}.Release|Any CPU.Build.0 = Release|Any CPU
		{068BF780-CAB3-4A3C-A4EE-530E002B4F9E}.Debug|Any CPU.ActiveCfg = Debug|Any CPU
		{068BF780-CAB3-4A3C-A4EE-530E002B4F9E}.Debug|Any CPU.Build.0 = Debug|Any CPU
		{068BF780-CAB3-4A3C-A4EE-530E002B4F9E}.Release|Any CPU.ActiveCfg = Release|Any CPU
		{068BF780-CAB3-4A3C-A4EE-530E002B4F9E}.Release|Any CPU.Build.0 = Release|Any CPU
		{1DBBE8A8-343A-49FC-A054-360BCE45928E}.Debug|Any CPU.ActiveCfg = Debug|Any CPU
		{1DBBE8A8-343A-49FC-A054-360BCE45928E}.Debug|Any CPU.Build.0 = Debug|Any CPU
		{1DBBE8A8-343A-49FC-A054-360BCE45928E}.Release|Any CPU.ActiveCfg = Release|Any CPU
		{1DBBE8A8-343A-49FC-A054-360BCE45928E}.Release|Any CPU.Build.0 = Release|Any CPU
		{C7CF839C-B7B2-4C05-9471-A14FDE322B3C}.Debug|Any CPU.ActiveCfg = Debug|Any CPU
		{C7CF839C-B7B2-4C05-9471-A14FDE322B3C}.Debug|Any CPU.Build.0 = Debug|Any CPU
		{C7CF839C-B7B2-4C05-9471-A14FDE322B3C}.Release|Any CPU.ActiveCfg = Release|Any CPU
		{C7CF839C-B7B2-4C05-9471-A14FDE322B3C}.Release|Any CPU.Build.0 = Release|Any CPU
		{65205BEC-09E3-4ADD-B605-A4115165D197}.Debug|Any CPU.ActiveCfg = Debug|Any CPU
		{65205BEC-09E3-4ADD-B605-A4115165D197}.Debug|Any CPU.Build.0 = Debug|Any CPU
		{65205BEC-09E3-4ADD-B605-A4115165D197}.Release|Any CPU.ActiveCfg = Release|Any CPU
		{65205BEC-09E3-4ADD-B605-A4115165D197}.Release|Any CPU.Build.0 = Release|Any CPU
		{94F917AA-6A07-472A-8BE1-1A69A0173AEE}.Debug|Any CPU.ActiveCfg = Debug|Any CPU
		{94F917AA-6A07-472A-8BE1-1A69A0173AEE}.Debug|Any CPU.Build.0 = Debug|Any CPU
		{94F917AA-6A07-472A-8BE1-1A69A0173AEE}.Release|Any CPU.ActiveCfg = Release|Any CPU
		{94F917AA-6A07-472A-8BE1-1A69A0173AEE}.Release|Any CPU.Build.0 = Release|Any CPU
		{386FF6E3-4B3C-4799-A213-C0622ACE65A3}.Debug|Any CPU.ActiveCfg = Debug|Any CPU
		{386FF6E3-4B3C-4799-A213-C0622ACE65A3}.Debug|Any CPU.Build.0 = Debug|Any CPU
		{386FF6E3-4B3C-4799-A213-C0622ACE65A3}.Release|Any CPU.ActiveCfg = Release|Any CPU
		{386FF6E3-4B3C-4799-A213-C0622ACE65A3}.Release|Any CPU.Build.0 = Release|Any CPU
		{795D685E-EFC1-46CE-809A-EC0D4DB81B8E}.Debug|Any CPU.ActiveCfg = Debug|Any CPU
		{795D685E-EFC1-46CE-809A-EC0D4DB81B8E}.Debug|Any CPU.Build.0 = Debug|Any CPU
		{795D685E-EFC1-46CE-809A-EC0D4DB81B8E}.Release|Any CPU.ActiveCfg = Release|Any CPU
		{795D685E-EFC1-46CE-809A-EC0D4DB81B8E}.Release|Any CPU.Build.0 = Release|Any CPU
		{A4F94E71-6F3C-4FD9-BBC8-F4994D581900}.Debug|Any CPU.ActiveCfg = Debug|Any CPU
		{A4F94E71-6F3C-4FD9-BBC8-F4994D581900}.Debug|Any CPU.Build.0 = Debug|Any CPU
		{A4F94E71-6F3C-4FD9-BBC8-F4994D581900}.Release|Any CPU.ActiveCfg = Release|Any CPU
		{A4F94E71-6F3C-4FD9-BBC8-F4994D581900}.Release|Any CPU.Build.0 = Release|Any CPU
		{AED9E369-FC29-469E-8957-38F57257AAD8}.Debug|Any CPU.ActiveCfg = Debug|Any CPU
		{AED9E369-FC29-469E-8957-38F57257AAD8}.Debug|Any CPU.Build.0 = Debug|Any CPU
		{AED9E369-FC29-469E-8957-38F57257AAD8}.Release|Any CPU.ActiveCfg = Release|Any CPU
		{AED9E369-FC29-469E-8957-38F57257AAD8}.Release|Any CPU.Build.0 = Release|Any CPU
		{4F034955-38A6-4B22-9FC1-996D0242B5E3}.Debug|Any CPU.ActiveCfg = Debug|Any CPU
		{4F034955-38A6-4B22-9FC1-996D0242B5E3}.Debug|Any CPU.Build.0 = Debug|Any CPU
		{4F034955-38A6-4B22-9FC1-996D0242B5E3}.Release|Any CPU.ActiveCfg = Release|Any CPU
		{4F034955-38A6-4B22-9FC1-996D0242B5E3}.Release|Any CPU.Build.0 = Release|Any CPU
		{709BBD9B-2612-4440-88FB-48FC670216F4}.Debug|Any CPU.ActiveCfg = Debug|Any CPU
		{709BBD9B-2612-4440-88FB-48FC670216F4}.Debug|Any CPU.Build.0 = Debug|Any CPU
		{709BBD9B-2612-4440-88FB-48FC670216F4}.Release|Any CPU.ActiveCfg = Release|Any CPU
		{709BBD9B-2612-4440-88FB-48FC670216F4}.Release|Any CPU.Build.0 = Release|Any CPU
		{D7A5FA0C-53D1-4340-AAB6-AB0F32113153}.Debug|Any CPU.ActiveCfg = Debug|Any CPU
		{D7A5FA0C-53D1-4340-AAB6-AB0F32113153}.Debug|Any CPU.Build.0 = Debug|Any CPU
		{D7A5FA0C-53D1-4340-AAB6-AB0F32113153}.Release|Any CPU.ActiveCfg = Release|Any CPU
		{D7A5FA0C-53D1-4340-AAB6-AB0F32113153}.Release|Any CPU.Build.0 = Release|Any CPU
		{ADB32727-0C6F-45CB-9B7C-9FE614A481AF}.Debug|Any CPU.ActiveCfg = Debug|Any CPU
		{ADB32727-0C6F-45CB-9B7C-9FE614A481AF}.Debug|Any CPU.Build.0 = Debug|Any CPU
		{ADB32727-0C6F-45CB-9B7C-9FE614A481AF}.Release|Any CPU.ActiveCfg = Release|Any CPU
		{ADB32727-0C6F-45CB-9B7C-9FE614A481AF}.Release|Any CPU.Build.0 = Release|Any CPU
		{F307C55C-AE26-4BC2-B3D1-8D94875A6104}.Debug|Any CPU.ActiveCfg = Debug|Any CPU
		{F307C55C-AE26-4BC2-B3D1-8D94875A6104}.Debug|Any CPU.Build.0 = Debug|Any CPU
		{F307C55C-AE26-4BC2-B3D1-8D94875A6104}.Release|Any CPU.ActiveCfg = Release|Any CPU
		{F307C55C-AE26-4BC2-B3D1-8D94875A6104}.Release|Any CPU.Build.0 = Release|Any CPU
	EndGlobalSection
	GlobalSection(SolutionProperties) = preSolution
		HideSolutionNode = FALSE
	EndGlobalSection
	GlobalSection(ExtensibilityGlobals) = postSolution
		SolutionGuid = {7663C6D5-BD04-4A4B-9B58-FB06F6B071EB}
	EndGlobalSection
EndGlobal
